
Microsoft Visual Studio Solution File, Format Version 12.00
# Visual Studio Version 17
VisualStudioVersion = 17.4.33205.214
MinimumVisualStudioVersion = 10.0.40219.1
Project("{FAE04EC0-301F-11D3-BF4B-00C04F79EFBC}") = "WindowsFormsApp1", "WindowsFormsApp1.csproj", "{D8332E44-33FE-41A8-A36B-9DC58CADEE81}"
EndProject
Global
	GlobalSection(SolutionConfigurationPlatforms) = preSolution
		Debug|Any CPU = Debug|Any CPU
		Release|Any CPU = Release|Any CPU
	EndGlobalSection
	GlobalSection(ProjectConfigurationPlatforms) = postSolution
		{D8332E44-33FE-41A8-A36B-9DC58CADEE81}.Debug|Any CPU.ActiveCfg = Debug|Any CPU
		{D8332E44-33FE-41A8-A36B-9DC58CADEE81}.Debug|Any CPU.Build.0 = Debug|Any CPU
		{D8332E44-33FE-41A8-A36B-9DC58CADEE81}.Release|Any CPU.ActiveCfg = Release|Any CPU
		{D8332E44-33FE-41A8-A36B-9DC58CADEE81}.Release|Any CPU.Build.0 = Release|Any CPU
	EndGlobalSection
	GlobalSection(SolutionProperties) = preSolution
		HideSolutionNode = FALSE
	EndGlobalSection
	GlobalSection(ExtensibilityGlobals) = postSolution
		SolutionGuid = {6F133A8F-649F-4945-8926-890CDB88AEDB}
	EndGlobalSection
EndGlobal
